
Microsoft Visual Studio Solution File, Format Version 12.00
# Visual Studio Version 16
VisualStudioVersion = 16.0.31410.357
MinimumVisualStudioVersion = 10.0.40219.1
Project("{FAE04EC0-301F-11D3-BF4B-00C04F79EFBC}") = "GitHubDemo", "GitHubDemo.csproj", "{DAD5AF51-1DFB-4E5F-B669-A23252E3293F}"
EndProject
Global
	GlobalSection(SolutionConfigurationPlatforms) = preSolution
		Debug|Any CPU = Debug|Any CPU
		Release|Any CPU = Release|Any CPU
	EndGlobalSection
	GlobalSection(ProjectConfigurationPlatforms) = postSolution
		{DAD5AF51-1DFB-4E5F-B669-A23252E3293F}.Debug|Any CPU.ActiveCfg = Debug|Any CPU
		{DAD5AF51-1DFB-4E5F-B669-A23252E3293F}.Debug|Any CPU.Build.0 = Debug|Any CPU
		{DAD5AF51-1DFB-4E5F-B669-A23252E3293F}.Release|Any CPU.ActiveCfg = Release|Any CPU
		{DAD5AF51-1DFB-4E5F-B669-A23252E3293F}.Release|Any CPU.Build.0 = Release|Any CPU
	EndGlobalSection
	GlobalSection(SolutionProperties) = preSolution
		HideSolutionNode = FALSE
	EndGlobalSection
	GlobalSection(ExtensibilityGlobals) = postSolution
		SolutionGuid = {9EFAB681-06C2-4539-AC0B-434C62E84F2B}
	EndGlobalSection
EndGlobal
